
Microsoft Visual Studio Solution File, Format Version 12.00
# Visual Studio Version 16
VisualStudioVersion = 16.0.29709.97
MinimumVisualStudioVersion = 10.0.40219.1
Project("{FAE04EC0-301F-11D3-BF4B-00C04F79EFBC}") = "DiceRoll", "DiceRoll\DiceRoll.csproj", "{74ECECBA-452E-41EB-B8CE-93DE5EB109D9}"
EndProject
Global
	GlobalSection(SolutionConfigurationPlatforms) = preSolution
		Debug|Any CPU = Debug|Any CPU
		Release|Any CPU = Release|Any CPU
	EndGlobalSection
	GlobalSection(ProjectConfigurationPlatforms) = postSolution
		{74ECECBA-452E-41EB-B8CE-93DE5EB109D9}.Debug|Any CPU.ActiveCfg = Debug|Any CPU
		{74ECECBA-452E-41EB-B8CE-93DE5EB109D9}.Debug|Any CPU.Build.0 = Debug|Any CPU
		{74ECECBA-452E-41EB-B8CE-93DE5EB109D9}.Release|Any CPU.ActiveCfg = Release|Any CPU
		{74ECECBA-452E-41EB-B8CE-93DE5EB109D9}.Release|Any CPU.Build.0 = Release|Any CPU
	EndGlobalSection
	GlobalSection(SolutionProperties) = preSolution
		HideSolutionNode = FALSE
	EndGlobalSection
	GlobalSection(ExtensibilityGlobals) = postSolution
		SolutionGuid = {D0C6B85F-79A6-4F61-84D7-B897269DB8EB}
	EndGlobalSection
EndGlobal
